// !$*UTF8*$!
{
	archiveVersion = 1;
	classes = {
	};
	objectVersion = 46;
	objects = {

/* Begin PBXBuildFile section */
		92AF07E81F0A96E90A8EF3F1 /* Pods_votes.framework in Frameworks */ = {isa = PBXBuildFile; fileRef = B09CA5E038C1C9AB0C1934BE /* Pods_votes.framework */; };
		FCA82AD41C9B4D61002E6BC5 /* topicCell.swift in Sources */ = {isa = PBXBuildFile; fileRef = FCA82AD31C9B4D61002E6BC5 /* topicCell.swift */; };
		FCA82AD61C9B4EC0002E6BC5 /* DetailsProtocol.swift in Sources */ = {isa = PBXBuildFile; fileRef = FCA82AD51C9B4EC0002E6BC5 /* DetailsProtocol.swift */; };
		FCA82AD81C9B51C2002E6BC5 /* Topic.swift in Sources */ = {isa = PBXBuildFile; fileRef = FCA82AD71C9B51C2002E6BC5 /* Topic.swift */; };
		FCA82ADA1C9B54B0002E6BC5 /* tableDelegate.swift in Sources */ = {isa = PBXBuildFile; fileRef = FCA82AD91C9B54B0002E6BC5 /* tableDelegate.swift */; };
		FCA82ADD1C9B5BCC002E6BC5 /* Topics+CoreDataProperties.swift in Sources */ = {isa = PBXBuildFile; fileRef = FCA82ADB1C9B5BCC002E6BC5 /* Topics+CoreDataProperties.swift */; };
		FCA82ADE1C9B5BCC002E6BC5 /* Topics.swift in Sources */ = {isa = PBXBuildFile; fileRef = FCA82ADC1C9B5BCC002E6BC5 /* Topics.swift */; };
		FCDEA82B1C9B4B8500548989 /* MainTableViewController.swift in Sources */ = {isa = PBXBuildFile; fileRef = FCDEA82A1C9B4B8500548989 /* MainTableViewController.swift */; };
		FCDEA82F1C9B4C7E00548989 /* AddViewController.swift in Sources */ = {isa = PBXBuildFile; fileRef = FCDEA82E1C9B4C7E00548989 /* AddViewController.swift */; };
		FCEED4C01C9B4AB000B4CA38 /* AppDelegate.swift in Sources */ = {isa = PBXBuildFile; fileRef = FCEED4BF1C9B4AB000B4CA38 /* AppDelegate.swift */; };
		FCEED4C51C9B4AB000B4CA38 /* Main.storyboard in Resources */ = {isa = PBXBuildFile; fileRef = FCEED4C31C9B4AB000B4CA38 /* Main.storyboard */; };
		FCEED4C81C9B4AB000B4CA38 /* votes.xcdatamodeld in Sources */ = {isa = PBXBuildFile; fileRef = FCEED4C61C9B4AB000B4CA38 /* votes.xcdatamodeld */; };
		FCEED4CA1C9B4AB000B4CA38 /* Assets.xcassets in Resources */ = {isa = PBXBuildFile; fileRef = FCEED4C91C9B4AB000B4CA38 /* Assets.xcassets */; };
		FCEED4CD1C9B4AB000B4CA38 /* LaunchScreen.storyboard in Resources */ = {isa = PBXBuildFile; fileRef = FCEED4CB1C9B4AB000B4CA38 /* LaunchScreen.storyboard */; };
		FCEED4D81C9B4AB000B4CA38 /* votesTests.swift in Sources */ = {isa = PBXBuildFile; fileRef = FCEED4D71C9B4AB000B4CA38 /* votesTests.swift */; };
		FCEED4E31C9B4AB000B4CA38 /* votesUITests.swift in Sources */ = {isa = PBXBuildFile; fileRef = FCEED4E21C9B4AB000B4CA38 /* votesUITests.swift */; };
/* End PBXBuildFile section */

/* Begin PBXContainerItemProxy section */
		FCEED4D41C9B4AB000B4CA38 /* PBXContainerItemProxy */ = {
			isa = PBXContainerItemProxy;
			containerPortal = FCEED4B41C9B4AB000B4CA38 /* Project object */;
			proxyType = 1;
			remoteGlobalIDString = FCEED4BB1C9B4AB000B4CA38;
			remoteInfo = votes;
		};
		FCEED4DF1C9B4AB000B4CA38 /* PBXContainerItemProxy */ = {
			isa = PBXContainerItemProxy;
			containerPortal = FCEED4B41C9B4AB000B4CA38 /* Project object */;
			proxyType = 1;
			remoteGlobalIDString = FCEED4BB1C9B4AB000B4CA38;
			remoteInfo = votes;
		};
/* End PBXContainerItemProxy section */

/* Begin PBXFileReference section */
		1A8C3EF3E61917E948FF0D2B /* Pods-votes.debug.xcconfig */ = {isa = PBXFileReference; includeInIndex = 1; lastKnownFileType = text.xcconfig; name = "Pods-votes.debug.xcconfig"; path = "Pods/Target Support Files/Pods-votes/Pods-votes.debug.xcconfig"; sourceTree = "<group>"; };
		B09CA5E038C1C9AB0C1934BE /* Pods_votes.framework */ = {isa = PBXFileReference; explicitFileType = wrapper.framework; includeInIndex = 0; path = Pods_votes.framework; sourceTree = BUILT_PRODUCTS_DIR; };
		E5DDE33CCF57257614BCBA54 /* Pods-votes.release.xcconfig */ = {isa = PBXFileReference; includeInIndex = 1; lastKnownFileType = text.xcconfig; name = "Pods-votes.release.xcconfig"; path = "Pods/Target Support Files/Pods-votes/Pods-votes.release.xcconfig"; sourceTree = "<group>"; };
		FCA82AD31C9B4D61002E6BC5 /* topicCell.swift */ = {isa = PBXFileReference; fileEncoding = 4; lastKnownFileType = sourcecode.swift; path = topicCell.swift; sourceTree = "<group>"; };
		FCA82AD51C9B4EC0002E6BC5 /* DetailsProtocol.swift */ = {isa = PBXFileReference; fileEncoding = 4; lastKnownFileType = sourcecode.swift; path = DetailsProtocol.swift; sourceTree = "<group>"; };
		FCA82AD71C9B51C2002E6BC5 /* Topic.swift */ = {isa = PBXFileReference; fileEncoding = 4; lastKnownFileType = sourcecode.swift; path = Topic.swift; sourceTree = "<group>"; };
		FCA82AD91C9B54B0002E6BC5 /* tableDelegate.swift */ = {isa = PBXFileReference; fileEncoding = 4; lastKnownFileType = sourcecode.swift; path = tableDelegate.swift; sourceTree = "<group>"; };
		FCA82ADB1C9B5BCC002E6BC5 /* Topics+CoreDataProperties.swift */ = {isa = PBXFileReference; fileEncoding = 4; lastKnownFileType = sourcecode.swift; path = "Topics+CoreDataProperties.swift"; sourceTree = "<group>"; };
		FCA82ADC1C9B5BCC002E6BC5 /* Topics.swift */ = {isa = PBXFileReference; fileEncoding = 4; lastKnownFileType = sourcecode.swift; path = Topics.swift; sourceTree = "<group>"; };
		FCDEA82A1C9B4B8500548989 /* MainTableViewController.swift */ = {isa = PBXFileReference; fileEncoding = 4; lastKnownFileType = sourcecode.swift; path = MainTableViewController.swift; sourceTree = "<group>"; };
		FCDEA82E1C9B4C7E00548989 /* AddViewController.swift */ = {isa = PBXFileReference; fileEncoding = 4; lastKnownFileType = sourcecode.swift; path = AddViewController.swift; sourceTree = "<group>"; };
		FCEED4BC1C9B4AB000B4CA38 /* votes.app */ = {isa = PBXFileReference; explicitFileType = wrapper.application; includeInIndex = 0; path = votes.app; sourceTree = BUILT_PRODUCTS_DIR; };
		FCEED4BF1C9B4AB000B4CA38 /* AppDelegate.swift */ = {isa = PBXFileReference; lastKnownFileType = sourcecode.swift; path = AppDelegate.swift; sourceTree = "<group>"; };
		FCEED4C41C9B4AB000B4CA38 /* Base */ = {isa = PBXFileReference; lastKnownFileType = file.storyboard; name = Base; path = Base.lproj/Main.storyboard; sourceTree = "<group>"; };
		FCEED4C71C9B4AB000B4CA38 /* votes.xcdatamodel */ = {isa = PBXFileReference; lastKnownFileType = wrapper.xcdatamodel; path = votes.xcdatamodel; sourceTree = "<group>"; };
		FCEED4C91C9B4AB000B4CA38 /* Assets.xcassets */ = {isa = PBXFileReference; lastKnownFileType = folder.assetcatalog; path = Assets.xcassets; sourceTree = "<group>"; };
		FCEED4CC1C9B4AB000B4CA38 /* Base */ = {isa = PBXFileReference; lastKnownFileType = file.storyboard; name = Base; path = Base.lproj/LaunchScreen.storyboard; sourceTree = "<group>"; };
		FCEED4CE1C9B4AB000B4CA38 /* Info.plist */ = {isa = PBXFileReference; lastKnownFileType = text.plist.xml; path = Info.plist; sourceTree = "<group>"; };
		FCEED4D31C9B4AB000B4CA38 /* votesTests.xctest */ = {isa = PBXFileReference; explicitFileType = wrapper.cfbundle; includeInIndex = 0; path = votesTests.xctest; sourceTree = BUILT_PRODUCTS_DIR; };
		FCEED4D71C9B4AB000B4CA38 /* votesTests.swift */ = {isa = PBXFileReference; lastKnownFileType = sourcecode.swift; path = votesTests.swift; sourceTree = "<group>"; };
		FCEED4D91C9B4AB000B4CA38 /* Info.plist */ = {isa = PBXFileReference; lastKnownFileType = text.plist.xml; path = Info.plist; sourceTree = "<group>"; };
		FCEED4DE1C9B4AB000B4CA38 /* votesUITests.xctest */ = {isa = PBXFileReference; explicitFileType = wrapper.cfbundle; includeInIndex = 0; path = votesUITests.xctest; sourceTree = BUILT_PRODUCTS_DIR; };
		FCEED4E21C9B4AB000B4CA38 /* votesUITests.swift */ = {isa = PBXFileReference; lastKnownFileType = sourcecode.swift; path = votesUITests.swift; sourceTree = "<group>"; };
		FCEED4E41C9B4AB000B4CA38 /* Info.plist */ = {isa = PBXFileReference; lastKnownFileType = text.plist.xml; path = Info.plist; sourceTree = "<group>"; };
/* End PBXFileReference section */

/* Begin PBXFrameworksBuildPhase section */
		FCEED4B91C9B4AB000B4CA38 /* Frameworks */ = {
			isa = PBXFrameworksBuildPhase;
			buildActionMask = 2147483647;
			files = (
				92AF07E81F0A96E90A8EF3F1 /* Pods_votes.framework in Frameworks */,
			);
			runOnlyForDeploymentPostprocessing = 0;
		};
		FCEED4D01C9B4AB000B4CA38 /* Frameworks */ = {
			isa = PBXFrameworksBuildPhase;
			buildActionMask = 2147483647;
			files = (
			);
			runOnlyForDeploymentPostprocessing = 0;
		};
		FCEED4DB1C9B4AB000B4CA38 /* Frameworks */ = {
			isa = PBXFrameworksBuildPhase;
			buildActionMask = 2147483647;
			files = (
			);
			runOnlyForDeploymentPostprocessing = 0;
		};
/* End PBXFrameworksBuildPhase section */

/* Begin PBXGroup section */
		3408224404975919E6E5F35C /* Frameworks */ = {
			isa = PBXGroup;
			children = (
				B09CA5E038C1C9AB0C1934BE /* Pods_votes.framework */,
			);
			name = Frameworks;
			sourceTree = "<group>";
		};
		545D32120CE91080BD77A226 /* Pods */ = {
			isa = PBXGroup;
			children = (
				1A8C3EF3E61917E948FF0D2B /* Pods-votes.debug.xcconfig */,
				E5DDE33CCF57257614BCBA54 /* Pods-votes.release.xcconfig */,
			);
			name = Pods;
			sourceTree = "<group>";
		};
		FCEED4B31C9B4AB000B4CA38 = {
			isa = PBXGroup;
			children = (
				FCA82ADB1C9B5BCC002E6BC5 /* Topics+CoreDataProperties.swift */,
				FCA82ADC1C9B5BCC002E6BC5 /* Topics.swift */,
				FCEED4BE1C9B4AB000B4CA38 /* votes */,
				FCEED4D61C9B4AB000B4CA38 /* votesTests */,
				FCEED4E11C9B4AB000B4CA38 /* votesUITests */,
				FCEED4BD1C9B4AB000B4CA38 /* Products */,
				545D32120CE91080BD77A226 /* Pods */,
				3408224404975919E6E5F35C /* Frameworks */,
			);
			sourceTree = "<group>";
		};
		FCEED4BD1C9B4AB000B4CA38 /* Products */ = {
			isa = PBXGroup;
			children = (
				FCEED4BC1C9B4AB000B4CA38 /* votes.app */,
				FCEED4D31C9B4AB000B4CA38 /* votesTests.xctest */,
				FCEED4DE1C9B4AB000B4CA38 /* votesUITests.xctest */,
			);
			name = Products;
			sourceTree = "<group>";
		};
		FCEED4BE1C9B4AB000B4CA38 /* votes */ = {
			isa = PBXGroup;
			children = (
				FCEED4BF1C9B4AB000B4CA38 /* AppDelegate.swift */,
				FCEED4C31C9B4AB000B4CA38 /* Main.storyboard */,
				FCA82AD31C9B4D61002E6BC5 /* topicCell.swift */,
				FCA82AD91C9B54B0002E6BC5 /* tableDelegate.swift */,
				FCA82AD51C9B4EC0002E6BC5 /* DetailsProtocol.swift */,
				FCDEA82A1C9B4B8500548989 /* MainTableViewController.swift */,
				FCDEA82E1C9B4C7E00548989 /* AddViewController.swift */,
				FCA82AD71C9B51C2002E6BC5 /* Topic.swift */,
				FCEED4C91C9B4AB000B4CA38 /* Assets.xcassets */,
				FCEED4CB1C9B4AB000B4CA38 /* LaunchScreen.storyboard */,
				FCEED4CE1C9B4AB000B4CA38 /* Info.plist */,
				FCEED4C61C9B4AB000B4CA38 /* votes.xcdatamodeld */,
			);
			path = votes;
			sourceTree = "<group>";
		};
		FCEED4D61C9B4AB000B4CA38 /* votesTests */ = {
			isa = PBXGroup;
			children = (
				FCEED4D71C9B4AB000B4CA38 /* votesTests.swift */,
				FCEED4D91C9B4AB000B4CA38 /* Info.plist */,
			);
			path = votesTests;
			sourceTree = "<group>";
		};
		FCEED4E11C9B4AB000B4CA38 /* votesUITests */ = {
			isa = PBXGroup;
			children = (
				FCEED4E21C9B4AB000B4CA38 /* votesUITests.swift */,
				FCEED4E41C9B4AB000B4CA38 /* Info.plist */,
			);
			path = votesUITests;
			sourceTree = "<group>";
		};
/* End PBXGroup section */

/* Begin PBXNativeTarget section */
		FCEED4BB1C9B4AB000B4CA38 /* votes */ = {
			isa = PBXNativeTarget;
			buildConfigurationList = FCEED4E71C9B4AB000B4CA38 /* Build configuration list for PBXNativeTarget "votes" */;
			buildPhases = (
				23103B213A10BA8E8D2A0A81 /* Check Pods Manifest.lock */,
				FCEED4B81C9B4AB000B4CA38 /* Sources */,
				FCEED4B91C9B4AB000B4CA38 /* Frameworks */,
				FCEED4BA1C9B4AB000B4CA38 /* Resources */,
				C73556EDCE496341319B032F /* Embed Pods Frameworks */,
				497B66E06B340E6CBC7320CB /* Copy Pods Resources */,
			);
			buildRules = (
			);
			dependencies = (
			);
			name = votes;
			productName = votes;
			productReference = FCEED4BC1C9B4AB000B4CA38 /* votes.app */;
			productType = "com.apple.product-type.application";
		};
		FCEED4D21C9B4AB000B4CA38 /* votesTests */ = {
			isa = PBXNativeTarget;
			buildConfigurationList = FCEED4EA1C9B4AB000B4CA38 /* Build configuration list for PBXNativeTarget "votesTests" */;
			buildPhases = (
				FCEED4CF1C9B4AB000B4CA38 /* Sources */,
				FCEED4D01C9B4AB000B4CA38 /* Frameworks */,
				FCEED4D11C9B4AB000B4CA38 /* Resources */,
			);
			buildRules = (
			);
			dependencies = (
				FCEED4D51C9B4AB000B4CA38 /* PBXTargetDependency */,
			);
			name = votesTests;
			productName = votesTests;
			productReference = FCEED4D31C9B4AB000B4CA38 /* votesTests.xctest */;
			productType = "com.apple.product-type.bundle.unit-test";
		};
		FCEED4DD1C9B4AB000B4CA38 /* votesUITests */ = {
			isa = PBXNativeTarget;
			buildConfigurationList = FCEED4ED1C9B4AB000B4CA38 /* Build configuration list for PBXNativeTarget "votesUITests" */;
			buildPhases = (
				FCEED4DA1C9B4AB000B4CA38 /* Sources */,
				FCEED4DB1C9B4AB000B4CA38 /* Frameworks */,
				FCEED4DC1C9B4AB000B4CA38 /* Resources */,
			);
			buildRules = (
			);
			dependencies = (
				FCEED4E01C9B4AB000B4CA38 /* PBXTargetDependency */,
			);
			name = votesUITests;
			productName = votesUITests;
			productReference = FCEED4DE1C9B4AB000B4CA38 /* votesUITests.xctest */;
			productType = "com.apple.product-type.bundle.ui-testing";
		};
/* End PBXNativeTarget section */

/* Begin PBXProject section */
		FCEED4B41C9B4AB000B4CA38 /* Project object */ = {
			isa = PBXProject;
			attributes = {
				LastSwiftUpdateCheck = 0720;
				LastUpgradeCheck = 0720;
				ORGANIZATIONNAME = "Dylan Sharkey";
				TargetAttributes = {
					FCEED4BB1C9B4AB000B4CA38 = {
						CreatedOnToolsVersion = 7.2;
					};
					FCEED4D21C9B4AB000B4CA38 = {
						CreatedOnToolsVersion = 7.2;
						TestTargetID = FCEED4BB1C9B4AB000B4CA38;
					};
					FCEED4DD1C9B4AB000B4CA38 = {
						CreatedOnToolsVersion = 7.2;
						TestTargetID = FCEED4BB1C9B4AB000B4CA38;
					};
				};
			};
			buildConfigurationList = FCEED4B71C9B4AB000B4CA38 /* Build configuration list for PBXProject "votes" */;
			compatibilityVersion = "Xcode 3.2";
			developmentRegion = English;
			hasScannedForEncodings = 0;
			knownRegions = (
				en,
				Base,
			);
			mainGroup = FCEED4B31C9B4AB000B4CA38;
			productRefGroup = FCEED4BD1C9B4AB000B4CA38 /* Products */;
			projectDirPath = "";
			projectRoot = "";
			targets = (
				FCEED4BB1C9B4AB000B4CA38 /* votes */,
				FCEED4D21C9B4AB000B4CA38 /* votesTests */,
				FCEED4DD1C9B4AB000B4CA38 /* votesUITests */,
			);
		};
/* End PBXProject section */

/* Begin PBXResourcesBuildPhase section */
		FCEED4BA1C9B4AB000B4CA38 /* Resources */ = {
			isa = PBXResourcesBuildPhase;
			buildActionMask = 2147483647;
			files = (
				FCEED4CD1C9B4AB000B4CA38 /* LaunchScreen.storyboard in Resources */,
				FCEED4CA1C9B4AB000B4CA38 /* Assets.xcassets in Resources */,
				FCEED4C51C9B4AB000B4CA38 /* Main.storyboard in Resources */,
			);
			runOnlyForDeploymentPostprocessing = 0;
		};
		FCEED4D11C9B4AB000B4CA38 /* Resources */ = {
			isa = PBXResourcesBuildPhase;
			buildActionMask = 2147483647;
			files = (
			);
			runOnlyForDeploymentPostprocessing = 0;
		};
		FCEED4DC1C9B4AB000B4CA38 /* Resources */ = {
			isa = PBXResourcesBuildPhase;
			buildActionMask = 2147483647;
			files = (
			);
			runOnlyForDeploymentPostprocessing = 0;
		};
/* End PBXResourcesBuildPhase section */

/* Begin PBXShellScriptBuildPhase section */
		23103B213A10BA8E8D2A0A81 /* Check Pods Manifest.lock */ = {
			isa = PBXShellScriptBuildPhase;
			buildActionMask = 2147483647;
			files = (
			);
			inputPaths = (
			);
			name = "Check Pods Manifest.lock";
			outputPaths = (
			);
			runOnlyForDeploymentPostprocessing = 0;
			shellPath = /bin/sh;
			shellScript = "diff \"${PODS_ROOT}/../Podfile.lock\" \"${PODS_ROOT}/Manifest.lock\" > /dev/null\nif [[ $? != 0 ]] ; then\n    cat << EOM\nerror: The sandbox is not in sync with the Podfile.lock. Run 'pod install' or update your CocoaPods installation.\nEOM\n    exit 1\nfi\n";
			showEnvVarsInLog = 0;
		};
		497B66E06B340E6CBC7320CB /* Copy Pods Resources */ = {
			isa = PBXShellScriptBuildPhase;
			buildActionMask = 2147483647;
			files = (
			);
			inputPaths = (
			);
			name = "Copy Pods Resources";
			outputPaths = (
			);
			runOnlyForDeploymentPostprocessing = 0;
			shellPath = /bin/sh;
			shellScript = "\"${SRCROOT}/Pods/Target Support Files/Pods-votes/Pods-votes-resources.sh\"\n";
			showEnvVarsInLog = 0;
		};
		C73556EDCE496341319B032F /* Embed Pods Frameworks */ = {
			isa = PBXShellScriptBuildPhase;
			buildActionMask = 2147483647;
			files = (
			);
			inputPaths = (
			);
			name = "Embed Pods Frameworks";
			outputPaths = (
			);
			runOnlyForDeploymentPostprocessing = 0;
			shellPath = /bin/sh;
			shellScript = "\"${SRCROOT}/Pods/Target Support Files/Pods-votes/Pods-votes-frameworks.sh\"\n";
			showEnvVarsInLog = 0;
		};
/* End PBXShellScriptBuildPhase section */

/* Begin PBXSourcesBuildPhase section */
		FCEED4B81C9B4AB000B4CA38 /* Sources */ = {
			isa = PBXSourcesBuildPhase;
			buildActionMask = 2147483647;
			files = (
				FCDEA82B1C9B4B8500548989 /* MainTableViewController.swift in Sources */,
				FCA82ADA1C9B54B0002E6BC5 /* tableDelegate.swift in Sources */,
				FCA82AD61C9B4EC0002E6BC5 /* DetailsProtocol.swift in Sources */,
				FCA82ADD1C9B5BCC002E6BC5 /* Topics+CoreDataProperties.swift in Sources */,
				FCA82AD41C9B4D61002E6BC5 /* topicCell.swift in Sources */,
				FCEED4C01C9B4AB000B4CA38 /* AppDelegate.swift in Sources */,
				FCDEA82F1C9B4C7E00548989 /* AddViewController.swift in Sources */,
				FCA82ADE1C9B5BCC002E6BC5 /* Topics.swift in Sources */,
				FCEED4C81C9B4AB000B4CA38 /* votes.xcdatamodeld in Sources */,
				FCA82AD81C9B51C2002E6BC5 /* Topic.swift in Sources */,
			);
			runOnlyForDeploymentPostprocessing = 0;
		};
		FCEED4CF1C9B4AB000B4CA38 /* Sources */ = {
			isa = PBXSourcesBuildPhase;
			buildActionMask = 2147483647;
			files = (
				FCEED4D81C9B4AB000B4CA38 /* votesTests.swift in Sources */,
			);
			runOnlyForDeploymentPostprocessing = 0;
		};
		FCEED4DA1C9B4AB000B4CA38 /* Sources */ = {
			isa = PBXSourcesBuildPhase;
			buildActionMask = 2147483647;
			files = (
				FCEED4E31C9B4AB000B4CA38 /* votesUITests.swift in Sources */,
			);
			runOnlyForDeploymentPostprocessing = 0;
		};
/* End PBXSourcesBuildPhase section */

/* Begin PBXTargetDependency section */
		FCEED4D51C9B4AB000B4CA38 /* PBXTargetDependency */ = {
			isa = PBXTargetDependency;
			target = FCEED4BB1C9B4AB000B4CA38 /* votes */;
			targetProxy = FCEED4D41C9B4AB000B4CA38 /* PBXContainerItemProxy */;
		};
		FCEED4E01C9B4AB000B4CA38 /* PBXTargetDependency */ = {
			isa = PBXTargetDependency;
			target = FCEED4BB1C9B4AB000B4CA38 /* votes */;
			targetProxy = FCEED4DF1C9B4AB000B4CA38 /* PBXContainerItemProxy */;
		};
/* End PBXTargetDependency section */

/* Begin PBXVariantGroup section */
		FCEED4C31C9B4AB000B4CA38 /* Main.storyboard */ = {
			isa = PBXVariantGroup;
			children = (
				FCEED4C41C9B4AB000B4CA38 /* Base */,
			);
			name = Main.storyboard;
			sourceTree = "<group>";
		};
		FCEED4CB1C9B4AB000B4CA38 /* LaunchScreen.storyboard */ = {
			isa = PBXVariantGroup;
			children = (
				FCEED4CC1C9B4AB000B4CA38 /* Base */,
			);
			name = LaunchScreen.storyboard;
			sourceTree = "<group>";
		};
/* End PBXVariantGroup section */

/* Begin XCBuildConfiguration section */
		FCEED4E51C9B4AB000B4CA38 /* Debug */ = {
			isa = XCBuildConfiguration;
			buildSettings = {
				ALWAYS_SEARCH_USER_PATHS = NO;
				CLANG_CXX_LANGUAGE_STANDARD = "gnu++0x";
				CLANG_CXX_LIBRARY = "libc++";
				CLANG_ENABLE_MODULES = YES;
				CLANG_ENABLE_OBJC_ARC = YES;
				CLANG_WARN_BOOL_CONVERSION = YES;
				CLANG_WARN_CONSTANT_CONVERSION = YES;
				CLANG_WARN_DIRECT_OBJC_ISA_USAGE = YES_ERROR;
				CLANG_WARN_EMPTY_BODY = YES;
				CLANG_WARN_ENUM_CONVERSION = YES;
				CLANG_WARN_INT_CONVERSION = YES;
				CLANG_WARN_OBJC_ROOT_CLASS = YES_ERROR;
				CLANG_WARN_UNREACHABLE_CODE = YES;
				CLANG_WARN__DUPLICATE_METHOD_MATCH = YES;
				"CODE_SIGN_IDENTITY[sdk=iphoneos*]" = "iPhone Developer";
				COPY_PHASE_STRIP = NO;
				DEBUG_INFORMATION_FORMAT = dwarf;
				ENABLE_STRICT_OBJC_MSGSEND = YES;
				ENABLE_TESTABILITY = YES;
				GCC_C_LANGUAGE_STANDARD = gnu99;
				GCC_DYNAMIC_NO_PIC = NO;
				GCC_NO_COMMON_BLOCKS = YES;
				GCC_OPTIMIZATION_LEVEL = 0;
				GCC_PREPROCESSOR_DEFINITIONS = (
					"DEBUG=1",
					"$(inherited)",
				);
				GCC_WARN_64_TO_32_BIT_CONVERSION = YES;
				GCC_WARN_ABOUT_RETURN_TYPE = YES_ERROR;
				GCC_WARN_UNDECLARED_SELECTOR = YES;
				GCC_WARN_UNINITIALIZED_AUTOS = YES_AGGRESSIVE;
				GCC_WARN_UNUSED_FUNCTION = YES;
				GCC_WARN_UNUSED_VARIABLE = YES;
				IPHONEOS_DEPLOYMENT_TARGET = 9.2;
				MTL_ENABLE_DEBUG_INFO = YES;
				ONLY_ACTIVE_ARCH = YES;
				SDKROOT = iphoneos;
				SWIFT_OPTIMIZATION_LEVEL = "-Onone";
				TARGETED_DEVICE_FAMILY = "1,2";
			};
			name = Debug;
		};
		FCEED4E61C9B4AB000B4CA38 /* Release */ = {
			isa = XCBuildConfiguration;
			buildSettings = {
				ALWAYS_SEARCH_USER_PATHS = NO;
				CLANG_CXX_LANGUAGE_STANDARD = "gnu++0x";
				CLANG_CXX_LIBRARY = "libc++";
				CLANG_ENABLE_MODULES = YES;
				CLANG_ENABLE_OBJC_ARC = YES;
				CLANG_WARN_BOOL_CONVERSION = YES;
				CLANG_WARN_CONSTANT_CONVERSION = YES;
				CLANG_WARN_DIRECT_OBJC_ISA_USAGE = YES_ERROR;
				CLANG_WARN_EMPTY_BODY = YES;
				CLANG_WARN_ENUM_CONVERSION = YES;
				CLANG_WARN_INT_CONVERSION = YES;
				CLANG_WARN_OBJC_ROOT_CLASS = YES_ERROR;
				CLANG_WARN_UNREACHABLE_CODE = YES;
				CLANG_WARN__DUPLICATE_METHOD_MATCH = YES;
				"CODE_SIGN_IDENTITY[sdk=iphoneos*]" = "iPhone Developer";
				COPY_PHASE_STRIP = NO;
				DEBUG_INFORMATION_FORMAT = "dwarf-with-dsym";
				ENABLE_NS_ASSERTIONS = NO;
				ENABLE_STRICT_OBJC_MSGSEND = YES;
				GCC_C_LANGUAGE_STANDARD = gnu99;
				GCC_NO_COMMON_BLOCKS = YES;
				GCC_WARN_64_TO_32_BIT_CONVERSION = YES;
				GCC_WARN_ABOUT_RETURN_TYPE = YES_ERROR;
				GCC_WARN_UNDECLARED_SELECTOR = YES;
				GCC_WARN_UNINITIALIZED_AUTOS = YES_AGGRESSIVE;
				GCC_WARN_UNUSED_FUNCTION = YES;
				GCC_WARN_UNUSED_VARIABLE = YES;
				IPHONEOS_DEPLOYMENT_TARGET = 9.2;
				MTL_ENABLE_DEBUG_INFO = NO;
				SDKROOT = iphoneos;
				TARGETED_DEVICE_FAMILY = "1,2";
				VALIDATE_PRODUCT = YES;
			};
			name = Release;
		};
		FCEED4E81C9B4AB000B4CA38 /* Debug */ = {
			isa = XCBuildConfiguration;
			baseConfigurationReference = 1A8C3EF3E61917E948FF0D2B /* Pods-votes.debug.xcconfig */;
			buildSettings = {
				ASSETCATALOG_COMPILER_APPICON_NAME = AppIcon;
				INFOPLIST_FILE = votes/Info.plist;
				LD_RUNPATH_SEARCH_PATHS = "$(inherited) @executable_path/Frameworks";
				PRODUCT_BUNDLE_IDENTIFIER = com.DShark.votes;
				PRODUCT_NAME = "$(TARGET_NAME)";
			};
			name = Debug;
		};
		FCEED4E91C9B4AB000B4CA38 /* Release */ = {
			isa = XCBuildConfiguration;
			baseConfigurationReference = E5DDE33CCF57257614BCBA54 /* Pods-votes.release.xcconfig */;
			buildSettings = {
				ASSETCATALOG_COMPILER_APPICON_NAME = AppIcon;
				INFOPLIST_FILE = votes/Info.plist;
				LD_RUNPATH_SEARCH_PATHS = "$(inherited) @executable_path/Frameworks";
				PRODUCT_BUNDLE_IDENTIFIER = com.DShark.votes;
				PRODUCT_NAME = "$(TARGET_NAME)";
			};
			name = Release;
		};
		FCEED4EB1C9B4AB000B4CA38 /* Debug */ = {
			isa = XCBuildConfiguration;
			buildSettings = {
				BUNDLE_LOADER = "$(TEST_HOST)";
				INFOPLIST_FILE = votesTests/Info.plist;
				LD_RUNPATH_SEARCH_PATHS = "$(inherited) @executable_path/Frameworks @loader_path/Frameworks";
				PRODUCT_BUNDLE_IDENTIFIER = com.DShark.votesTests;
				PRODUCT_NAME = "$(TARGET_NAME)";
				TEST_HOST = "$(BUILT_PRODUCTS_DIR)/votes.app/votes";
			};
			name = Debug;
		};
		FCEED4EC1C9B4AB000B4CA38 /* Release */ = {
			isa = XCBuildConfiguration;
			buildSettings = {
				BUNDLE_LOADER = "$(TEST_HOST)";
				INFOPLIST_FILE = votesTests/Info.plist;
				LD_RUNPATH_SEARCH_PATHS = "$(inherited) @executable_path/Frameworks @loader_path/Frameworks";
				PRODUCT_BUNDLE_IDENTIFIER = com.DShark.votesTests;
				PRODUCT_NAME = "$(TARGET_NAME)";
				TEST_HOST = "$(BUILT_PRODUCTS_DIR)/votes.app/votes";
			};
			name = Release;
		};
		FCEED4EE1C9B4AB000B4CA38 /* Debug */ = {
			isa = XCBuildConfiguration;
			buildSettings = {
				INFOPLIST_FILE = votesUITests/Info.plist;
				LD_RUNPATH_SEARCH_PATHS = "$(inherited) @executable_path/Frameworks @loader_path/Frameworks";
				PRODUCT_BUNDLE_IDENTIFIER = com.DShark.votesUITests;
				PRODUCT_NAME = "$(TARGET_NAME)";
				TEST_TARGET_NAME = votes;
				USES_XCTRUNNER = YES;
			};
			name = Debug;
		};
		FCEED4EF1C9B4AB000B4CA38 /* Release */ = {
			isa = XCBuildConfiguration;
			buildSettings = {
				INFOPLIST_FILE = votesUITests/Info.plist;
				LD_RUNPATH_SEARCH_PATHS = "$(inherited) @executable_path/Frameworks @loader_path/Frameworks";
				PRODUCT_BUNDLE_IDENTIFIER = com.DShark.votesUITests;
				PRODUCT_NAME = "$(TARGET_NAME)";
				TEST_TARGET_NAME = votes;
				USES_XCTRUNNER = YES;
			};
			name = Release;
		};
/* End XCBuildConfiguration section */

/* Begin XCConfigurationList section */
		FCEED4B71C9B4AB000B4CA38 /* Build configuration list for PBXProject "votes" */ = {
			isa = XCConfigurationList;
			buildConfigurations = (
				FCEED4E51C9B4AB000B4CA38 /* Debug */,
				FCEED4E61C9B4AB000B4CA38 /* Release */,
			);
			defaultConfigurationIsVisible = 0;
			defaultConfigurationName = Release;
		};
		FCEED4E71C9B4AB000B4CA38 /* Build configuration list for PBXNativeTarget "votes" */ = {
			isa = XCConfigurationList;
			buildConfigurations = (
				FCEED4E81C9B4AB000B4CA38 /* Debug */,
				FCEED4E91C9B4AB000B4CA38 /* Release */,
			);
			defaultConfigurationIsVisible = 0;
			defaultConfigurationName = Release;
		};
		FCEED4EA1C9B4AB000B4CA38 /* Build configuration list for PBXNativeTarget "votesTests" */ = {
			isa = XCConfigurationList;
			buildConfigurations = (
				FCEED4EB1C9B4AB000B4CA38 /* Debug */,
				FCEED4EC1C9B4AB000B4CA38 /* Release */,
			);
			defaultConfigurationIsVisible = 0;
			defaultConfigurationName = Release;
		};
		FCEED4ED1C9B4AB000B4CA38 /* Build configuration list for PBXNativeTarget "votesUITests" */ = {
			isa = XCConfigurationList;
			buildConfigurations = (
				FCEED4EE1C9B4AB000B4CA38 /* Debug */,
				FCEED4EF1C9B4AB000B4CA38 /* Release */,
			);
			defaultConfigurationIsVisible = 0;
			defaultConfigurationName = Release;
		};
/* End XCConfigurationList section */

/* Begin XCVersionGroup section */
		FCEED4C61C9B4AB000B4CA38 /* votes.xcdatamodeld */ = {
			isa = XCVersionGroup;
			children = (
				FCEED4C71C9B4AB000B4CA38 /* votes.xcdatamodel */,
			);
			currentVersion = FCEED4C71C9B4AB000B4CA38 /* votes.xcdatamodel */;
			path = votes.xcdatamodeld;
			sourceTree = "<group>";
			versionGroupType = wrapper.xcdatamodel;
		};
/* End XCVersionGroup section */
	};
	rootObject = FCEED4B41C9B4AB000B4CA38 /* Project object */;
}
